
Microsoft Visual Studio Solution File, Format Version 12.00
# Visual Studio Version 16
VisualStudioVersion = 16.0.30320.27
MinimumVisualStudioVersion = 10.0.40219.1
Project("{FAE04EC0-301F-11D3-BF4B-00C04F79EFBC}") = "HelloWorld", "HelloWorld\HelloWorld.csproj", "{D08A4A4E-915D-460B-B20A-FC570D3728BA}"
EndProject
Global
	GlobalSection(SolutionConfigurationPlatforms) = preSolution
		Debug|Any CPU = Debug|Any CPU
		Release|Any CPU = Release|Any CPU
	EndGlobalSection
	GlobalSection(ProjectConfigurationPlatforms) = postSolution
		{D08A4A4E-915D-460B-B20A-FC570D3728BA}.Debug|Any CPU.ActiveCfg = Debug|Any CPU
		{D08A4A4E-915D-460B-B20A-FC570D3728BA}.Debug|Any CPU.Build.0 = Debug|Any CPU
		{D08A4A4E-915D-460B-B20A-FC570D3728BA}.Release|Any CPU.ActiveCfg = Release|Any CPU
		{D08A4A4E-915D-460B-B20A-FC570D3728BA}.Release|Any CPU.Build.0 = Release|Any CPU
	EndGlobalSection
	GlobalSection(SolutionProperties) = preSolution
		HideSolutionNode = FALSE
	EndGlobalSection
	GlobalSection(ExtensibilityGlobals) = postSolution
		SolutionGuid = {47DE4C12-9BA8-40FD-BEAC-6E4A0F266923}
	EndGlobalSection
EndGlobal
